
Microsoft Visual Studio Solution File, Format Version 12.00
# Visual Studio Version 17
VisualStudioVersion = 17.5.33530.505
MinimumVisualStudioVersion = 10.0.40219.1
Project("{9A19103F-16F7-4668-BE54-9A1E7A4F7556}") = "Example", "Example\Example.csproj", "{BF7BE7BD-B82E-420E-B6C0-207DEF40AE41}"
EndProject
Project("{9A19103F-16F7-4668-BE54-9A1E7A4F7556}") = "Tests", "Tests\Tests.csproj", "{C608F742-E41C-4DF1-BFD9-39739FB0793B}"
EndProject
Global
	GlobalSection(SolutionConfigurationPlatforms) = preSolution
		Debug|Any CPU = Debug|Any CPU
		Release|Any CPU = Release|Any CPU
	EndGlobalSection
	GlobalSection(ProjectConfigurationPlatforms) = postSolution
		{BF7BE7BD-B82E-420E-B6C0-207DEF40AE41}.Debug|Any CPU.ActiveCfg = Debug|Any CPU
		{BF7BE7BD-B82E-420E-B6C0-207DEF40AE41}.Debug|Any CPU.Build.0 = Debug|Any CPU
		{BF7BE7BD-B82E-420E-B6C0-207DEF40AE41}.Release|Any CPU.ActiveCfg = Release|Any CPU
		{BF7BE7BD-B82E-420E-B6C0-207DEF40AE41}.Release|Any CPU.Build.0 = Release|Any CPU
		{C608F742-E41C-4DF1-BFD9-39739FB0793B}.Debug|Any CPU.ActiveCfg = Debug|Any CPU
		{C608F742-E41C-4DF1-BFD9-39739FB0793B}.Debug|Any CPU.Build.0 = Debug|Any CPU
		{C608F742-E41C-4DF1-BFD9-39739FB0793B}.Release|Any CPU.ActiveCfg = Release|Any CPU
		{C608F742-E41C-4DF1-BFD9-39739FB0793B}.Release|Any CPU.Build.0 = Release|Any CPU
	EndGlobalSection
	GlobalSection(SolutionProperties) = preSolution
		HideSolutionNode = FALSE
	EndGlobalSection
	GlobalSection(ExtensibilityGlobals) = postSolution
		SolutionGuid = {3F35A602-D89E-4319-9A08-C41E75C2E76B}
	EndGlobalSection
EndGlobal
